
Microsoft Visual Studio Solution File, Format Version 12.00
# Visual Studio 15
VisualStudioVersion = 15.0.28307.779
MinimumVisualStudioVersion = 10.0.40219.1
Project("{FAE04EC0-301F-11D3-BF4B-00C04F79EFBC}") = "C4C.Sockets", "C4C.Socket\C4C.Sockets.csproj", "{B1DF0625-05D6-45CF-BD5E-D2AC3D7C789F}"
EndProject
Global
	GlobalSection(SolutionConfigurationPlatforms) = preSolution
		Debug|Any CPU = Debug|Any CPU
		Release|Any CPU = Release|Any CPU
	EndGlobalSection
	GlobalSection(ProjectConfigurationPlatforms) = postSolution
		{B1DF0625-05D6-45CF-BD5E-D2AC3D7C789F}.Debug|Any CPU.ActiveCfg = Debug|Any CPU
		{B1DF0625-05D6-45CF-BD5E-D2AC3D7C789F}.Debug|Any CPU.Build.0 = Debug|Any CPU
		{B1DF0625-05D6-45CF-BD5E-D2AC3D7C789F}.Release|Any CPU.ActiveCfg = Release|Any CPU
		{B1DF0625-05D6-45CF-BD5E-D2AC3D7C789F}.Release|Any CPU.Build.0 = Release|Any CPU
	EndGlobalSection
	GlobalSection(SolutionProperties) = preSolution
		HideSolutionNode = FALSE
	EndGlobalSection
	GlobalSection(ExtensibilityGlobals) = postSolution
		SolutionGuid = {060D7676-74C8-41F3-B489-8DD682637BA4}
	EndGlobalSection
EndGlobal
